
Microsoft Visual Studio Solution File, Format Version 12.00
# Visual Studio Version 17
VisualStudioVersion = 17.0.31903.59
MinimumVisualStudioVersion = 10.0.40219.1
Project("{2150E333-8FDC-42A3-9474-1A3956D46DE8}") = "src", "src", "{827E0CD3-B72D-47B6-A68D-7590B98EB39B}"
EndProject
Project("{FAE04EC0-301F-11D3-BF4B-00C04F79EFBC}") = "VRChatSDKInspectorJPLocalization.Core", "src\VRChatSDKInspectorJPLocalization.Core\VRChatSDKInspectorJPLocalization.Core.csproj", "{84B38E5A-5D95-4135-94D3-788A8CA690E2}"
EndProject
Project("{FAE04EC0-301F-11D3-BF4B-00C04F79EFBC}") = "VRChatSDKInspectorJPLocalization", "src\VRChatSDKInspectorJPLocalization\VRChatSDKInspectorJPLocalization.csproj", "{68D3A70C-5389-4C8B-8938-12D138E3A012}"
EndProject
Project("{FAE04EC0-301F-11D3-BF4B-00C04F79EFBC}") = "VRChatSDKInspectorJPLocalization.Tests", "tests\VRChatSDKInspectorJPLocalization.Tests\VRChatSDKInspectorJPLocalization.Tests.csproj", "{D3CAF9D7-0FFC-4384-ACA7-05C1E59DFA0D}"
EndProject
Global
	GlobalSection(SolutionConfigurationPlatforms) = preSolution
		Debug|Any CPU = Debug|Any CPU
		Debug|x64 = Debug|x64
		Debug|x86 = Debug|x86
		Release|Any CPU = Release|Any CPU
		Release|x64 = Release|x64
		Release|x86 = Release|x86
	EndGlobalSection
	GlobalSection(ProjectConfigurationPlatforms) = postSolution
		{84B38E5A-5D95-4135-94D3-788A8CA690E2}.Debug|Any CPU.ActiveCfg = Debug|Any CPU
		{84B38E5A-5D95-4135-94D3-788A8CA690E2}.Debug|Any CPU.Build.0 = Debug|Any CPU
		{84B38E5A-5D95-4135-94D3-788A8CA690E2}.Debug|x64.ActiveCfg = Debug|Any CPU
		{84B38E5A-5D95-4135-94D3-788A8CA690E2}.Debug|x64.Build.0 = Debug|Any CPU
		{84B38E5A-5D95-4135-94D3-788A8CA690E2}.Debug|x86.ActiveCfg = Debug|Any CPU
		{84B38E5A-5D95-4135-94D3-788A8CA690E2}.Debug|x86.Build.0 = Debug|Any CPU
		{84B38E5A-5D95-4135-94D3-788A8CA690E2}.Release|Any CPU.ActiveCfg = Release|Any CPU
		{84B38E5A-5D95-4135-94D3-788A8CA690E2}.Release|Any CPU.Build.0 = Release|Any CPU
		{84B38E5A-5D95-4135-94D3-788A8CA690E2}.Release|x64.ActiveCfg = Release|Any CPU
		{84B38E5A-5D95-4135-94D3-788A8CA690E2}.Release|x64.Build.0 = Release|Any CPU
		{84B38E5A-5D95-4135-94D3-788A8CA690E2}.Release|x86.ActiveCfg = Release|Any CPU
		{84B38E5A-5D95-4135-94D3-788A8CA690E2}.Release|x86.Build.0 = Release|Any CPU
		{68D3A70C-5389-4C8B-8938-12D138E3A012}.Debug|Any CPU.ActiveCfg = Debug|Any CPU
		{68D3A70C-5389-4C8B-8938-12D138E3A012}.Debug|Any CPU.Build.0 = Debug|Any CPU
		{68D3A70C-5389-4C8B-8938-12D138E3A012}.Debug|x64.ActiveCfg = Debug|Any CPU
		{68D3A70C-5389-4C8B-8938-12D138E3A012}.Debug|x64.Build.0 = Debug|Any CPU
		{68D3A70C-5389-4C8B-8938-12D138E3A012}.Debug|x86.ActiveCfg = Debug|Any CPU
		{68D3A70C-5389-4C8B-8938-12D138E3A012}.Debug|x86.Build.0 = Debug|Any CPU
		{68D3A70C-5389-4C8B-8938-12D138E3A012}.Release|Any CPU.ActiveCfg = Release|Any CPU
		{68D3A70C-5389-4C8B-8938-12D138E3A012}.Release|Any CPU.Build.0 = Release|Any CPU
		{68D3A70C-5389-4C8B-8938-12D138E3A012}.Release|x64.ActiveCfg = Release|Any CPU
		{68D3A70C-5389-4C8B-8938-12D138E3A012}.Release|x64.Build.0 = Release|Any CPU
		{68D3A70C-5389-4C8B-8938-12D138E3A012}.Release|x86.ActiveCfg = Release|Any CPU
		{68D3A70C-5389-4C8B-8938-12D138E3A012}.Release|x86.Build.0 = Release|Any CPU
		{D3CAF9D7-0FFC-4384-ACA7-05C1E59DFA0D}.Debug|Any CPU.ActiveCfg = Debug|Any CPU
		{D3CAF9D7-0FFC-4384-ACA7-05C1E59DFA0D}.Debug|Any CPU.Build.0 = Debug|Any CPU
		{D3CAF9D7-0FFC-4384-ACA7-05C1E59DFA0D}.Debug|x64.ActiveCfg = Debug|Any CPU
		{D3CAF9D7-0FFC-4384-ACA7-05C1E59DFA0D}.Debug|x64.Build.0 = Debug|Any CPU
		{D3CAF9D7-0FFC-4384-ACA7-05C1E59DFA0D}.Debug|x86.ActiveCfg = Debug|Any CPU
		{D3CAF9D7-0FFC-4384-ACA7-05C1E59DFA0D}.Debug|x86.Build.0 = Debug|Any CPU
		{D3CAF9D7-0FFC-4384-ACA7-05C1E59DFA0D}.Release|Any CPU.ActiveCfg = Release|Any CPU
		{D3CAF9D7-0FFC-4384-ACA7-05C1E59DFA0D}.Release|Any CPU.Build.0 = Release|Any CPU
		{D3CAF9D7-0FFC-4384-ACA7-05C1E59DFA0D}.Release|x64.ActiveCfg = Release|Any CPU
		{D3CAF9D7-0FFC-4384-ACA7-05C1E59DFA0D}.Release|x64.Build.0 = Release|Any CPU
		{D3CAF9D7-0FFC-4384-ACA7-05C1E59DFA0D}.Release|x86.ActiveCfg = Release|Any CPU
		{D3CAF9D7-0FFC-4384-ACA7-05C1E59DFA0D}.Release|x86.Build.0 = Release|Any CPU
	EndGlobalSection
	GlobalSection(SolutionProperties) = preSolution
		HideSolutionNode = FALSE
	EndGlobalSection
	GlobalSection(NestedProjects) = preSolution
		{84B38E5A-5D95-4135-94D3-788A8CA690E2} = {827E0CD3-B72D-47B6-A68D-7590B98EB39B}
		{68D3A70C-5389-4C8B-8938-12D138E3A012} = {827E0CD3-B72D-47B6-A68D-7590B98EB39B}
		{D3CAF9D7-0FFC-4384-ACA7-05C1E59DFA0D} = {827E0CD3-B72D-47B6-A68D-7590B98EB39B}
	EndGlobalSection
EndGlobal
